// !$*UTF8*$!
{
	archiveVersion = 1;
	classes = {
	};
	objectVersion = 46;
	objects = {

/* Begin PBXBuildFile section */
		0974EB4A18DFF49900A48682 /* Foundation.framework in Frameworks */ = {isa = PBXBuildFile; fileRef = 0974EB4918DFF49900A48682 /* Foundation.framework */; };
		0974EB4C18DFF49900A48682 /* CoreGraphics.framework in Frameworks */ = {isa = PBXBuildFile; fileRef = 0974EB4B18DFF49900A48682 /* CoreGraphics.framework */; };
		0974EB4E18DFF49900A48682 /* UIKit.framework in Frameworks */ = {isa = PBXBuildFile; fileRef = 0974EB4D18DFF49900A48682 /* UIKit.framework */; };
		0974EB5418DFF49900A48682 /* InfoPlist.strings in Resources */ = {isa = PBXBuildFile; fileRef = 0974EB5218DFF49900A48682 /* InfoPlist.strings */; };
		0974EB5618DFF49900A48682 /* main.m in Sources */ = {isa = PBXBuildFile; fileRef = 0974EB5518DFF49900A48682 /* main.m */; };
		0974EB5A18DFF49900A48682 /* VWAppDelegate.m in Sources */ = {isa = PBXBuildFile; fileRef = 0974EB5918DFF49900A48682 /* VWAppDelegate.m */; };
		0974EB5D18DFF49900A48682 /* Main.storyboard in Resources */ = {isa = PBXBuildFile; fileRef = 0974EB5B18DFF49900A48682 /* Main.storyboard */; };
		0974EB6018DFF49900A48682 /* VWViewController.m in Sources */ = {isa = PBXBuildFile; fileRef = 0974EB5F18DFF49900A48682 /* VWViewController.m */; };
		0974EB6218DFF49900A48682 /* Images.xcassets in Resources */ = {isa = PBXBuildFile; fileRef = 0974EB6118DFF49900A48682 /* Images.xcassets */; };
		0974EB6918DFF49900A48682 /* XCTest.framework in Frameworks */ = {isa = PBXBuildFile; fileRef = 0974EB6818DFF49900A48682 /* XCTest.framework */; };
		0974EB6A18DFF49900A48682 /* Foundation.framework in Frameworks */ = {isa = PBXBuildFile; fileRef = 0974EB4918DFF49900A48682 /* Foundation.framework */; };
		0974EB6B18DFF49900A48682 /* UIKit.framework in Frameworks */ = {isa = PBXBuildFile; fileRef = 0974EB4D18DFF49900A48682 /* UIKit.framework */; };
		0974EB7318DFF49900A48682 /* InfoPlist.strings in Resources */ = {isa = PBXBuildFile; fileRef = 0974EB7118DFF49900A48682 /* InfoPlist.strings */; };
		0974EB7518DFF49900A48682 /* Prepr_for_Pirate_AssignmentTests.m in Sources */ = {isa = PBXBuildFile; fileRef = 0974EB7418DFF49900A48682 /* Prepr_for_Pirate_AssignmentTests.m */; };
/* End PBXBuildFile section */

/* Begin PBXContainerItemProxy section */
		0974EB6C18DFF49900A48682 /* PBXContainerItemProxy */ = {
			isa = PBXContainerItemProxy;
			containerPortal = 0974EB3E18DFF49900A48682 /* Project object */;
			proxyType = 1;
			remoteGlobalIDString = 0974EB4518DFF49900A48682;
			remoteInfo = "Prepr for Pirate Assignment";
		};
/* End PBXContainerItemProxy section */

/* Begin PBXFileReference section */
		0974EB4618DFF49900A48682 /* Prepr for Pirate Assignment.app */ = {isa = PBXFileReference; explicitFileType = wrapper.application; includeInIndex = 0; path = "Prepr for Pirate Assignment.app"; sourceTree = BUILT_PRODUCTS_DIR; };
		0974EB4918DFF49900A48682 /* Foundation.framework */ = {isa = PBXFileReference; lastKnownFileType = wrapper.framework; name = Foundation.framework; path = System/Library/Frameworks/Foundation.framework; sourceTree = SDKROOT; };
		0974EB4B18DFF49900A48682 /* CoreGraphics.framework */ = {isa = PBXFileReference; lastKnownFileType = wrapper.framework; name = CoreGraphics.framework; path = System/Library/Frameworks/CoreGraphics.framework; sourceTree = SDKROOT; };
		0974EB4D18DFF49900A48682 /* UIKit.framework */ = {isa = PBXFileReference; lastKnownFileType = wrapper.framework; name = UIKit.framework; path = System/Library/Frameworks/UIKit.framework; sourceTree = SDKROOT; };
		0974EB5118DFF49900A48682 /* Prepr for Pirate Assignment-Info.plist */ = {isa = PBXFileReference; lastKnownFileType = text.plist.xml; path = "Prepr for Pirate Assignment-Info.plist"; sourceTree = "<group>"; };
		0974EB5318DFF49900A48682 /* en */ = {isa = PBXFileReference; lastKnownFileType = text.plist.strings; name = en; path = en.lproj/InfoPlist.strings; sourceTree = "<group>"; };
		0974EB5518DFF49900A48682 /* main.m */ = {isa = PBXFileReference; lastKnownFileType = sourcecode.c.objc; path = main.m; sourceTree = "<group>"; };
		0974EB5718DFF49900A48682 /* Prepr for Pirate Assignment-Prefix.pch */ = {isa = PBXFileReference; lastKnownFileType = sourcecode.c.h; path = "Prepr for Pirate Assignment-Prefix.pch"; sourceTree = "<group>"; };
		0974EB5818DFF49900A48682 /* VWAppDelegate.h */ = {isa = PBXFileReference; lastKnownFileType = sourcecode.c.h; path = VWAppDelegate.h; sourceTree = "<group>"; };
		0974EB5918DFF49900A48682 /* VWAppDelegate.m */ = {isa = PBXFileReference; lastKnownFileType = sourcecode.c.objc; path = VWAppDelegate.m; sourceTree = "<group>"; };
		0974EB5C18DFF49900A48682 /* Base */ = {isa = PBXFileReference; lastKnownFileType = file.storyboard; name = Base; path = Base.lproj/Main.storyboard; sourceTree = "<group>"; };
		0974EB5E18DFF49900A48682 /* VWViewController.h */ = {isa = PBXFileReference; lastKnownFileType = sourcecode.c.h; path = VWViewController.h; sourceTree = "<group>"; };
		0974EB5F18DFF49900A48682 /* VWViewController.m */ = {isa = PBXFileReference; lastKnownFileType = sourcecode.c.objc; path = VWViewController.m; sourceTree = "<group>"; };
		0974EB6118DFF49900A48682 /* Images.xcassets */ = {isa = PBXFileReference; lastKnownFileType = folder.assetcatalog; path = Images.xcassets; sourceTree = "<group>"; };
		0974EB6718DFF49900A48682 /* Prepr for Pirate AssignmentTests.xctest */ = {isa = PBXFileReference; explicitFileType = wrapper.cfbundle; includeInIndex = 0; path = "Prepr for Pirate AssignmentTests.xctest"; sourceTree = BUILT_PRODUCTS_DIR; };
		0974EB6818DFF49900A48682 /* XCTest.framework */ = {isa = PBXFileReference; lastKnownFileType = wrapper.framework; name = XCTest.framework; path = Library/Frameworks/XCTest.framework; sourceTree = DEVELOPER_DIR; };
		0974EB7018DFF49900A48682 /* Prepr for Pirate AssignmentTests-Info.plist */ = {isa = PBXFileReference; lastKnownFileType = text.plist.xml; path = "Prepr for Pirate AssignmentTests-Info.plist"; sourceTree = "<group>"; };
		0974EB7218DFF49900A48682 /* en */ = {isa = PBXFileReference; lastKnownFileType = text.plist.strings; name = en; path = en.lproj/InfoPlist.strings; sourceTree = "<group>"; };
		0974EB7418DFF49900A48682 /* Prepr_for_Pirate_AssignmentTests.m */ = {isa = PBXFileReference; lastKnownFileType = sourcecode.c.objc; path = Prepr_for_Pirate_AssignmentTests.m; sourceTree = "<group>"; };
/* End PBXFileReference section */

/* Begin PBXFrameworksBuildPhase section */
		0974EB4318DFF49900A48682 /* Frameworks */ = {
			isa = PBXFrameworksBuildPhase;
			buildActionMask = 2147483647;
			files = (
				0974EB4C18DFF49900A48682 /* CoreGraphics.framework in Frameworks */,
				0974EB4E18DFF49900A48682 /* UIKit.framework in Frameworks */,
				0974EB4A18DFF49900A48682 /* Foundation.framework in Frameworks */,
			);
			runOnlyForDeploymentPostprocessing = 0;
		};
		0974EB6418DFF49900A48682 /* Frameworks */ = {
			isa = PBXFrameworksBuildPhase;
			buildActionMask = 2147483647;
			files = (
				0974EB6918DFF49900A48682 /* XCTest.framework in Frameworks */,
				0974EB6B18DFF49900A48682 /* UIKit.framework in Frameworks */,
				0974EB6A18DFF49900A48682 /* Foundation.framework in Frameworks */,
			);
			runOnlyForDeploymentPostprocessing = 0;
		};
/* End PBXFrameworksBuildPhase section */

/* Begin PBXGroup section */
		0974EB3D18DFF49900A48682 = {
			isa = PBXGroup;
			children = (
				0974EB4F18DFF49900A48682 /* Prepr for Pirate Assignment */,
				0974EB6E18DFF49900A48682 /* Prepr for Pirate AssignmentTests */,
				0974EB4818DFF49900A48682 /* Frameworks */,
				0974EB4718DFF49900A48682 /* Products */,
			);
			sourceTree = "<group>";
		};
		0974EB4718DFF49900A48682 /* Products */ = {
			isa = PBXGroup;
			children = (
				0974EB4618DFF49900A48682 /* Prepr for Pirate Assignment.app */,
				0974EB6718DFF49900A48682 /* Prepr for Pirate AssignmentTests.xctest */,
			);
			name = Products;
			sourceTree = "<group>";
		};
		0974EB4818DFF49900A48682 /* Frameworks */ = {
			isa = PBXGroup;
			children = (
				0974EB4918DFF49900A48682 /* Foundation.framework */,
				0974EB4B18DFF49900A48682 /* CoreGraphics.framework */,
				0974EB4D18DFF49900A48682 /* UIKit.framework */,
				0974EB6818DFF49900A48682 /* XCTest.framework */,
			);
			name = Frameworks;
			sourceTree = "<group>";
		};
		0974EB4F18DFF49900A48682 /* Prepr for Pirate Assignment */ = {
			isa = PBXGroup;
			children = (
				0974EB5818DFF49900A48682 /* VWAppDelegate.h */,
				0974EB5918DFF49900A48682 /* VWAppDelegate.m */,
				0974EB5B18DFF49900A48682 /* Main.storyboard */,
				0974EB5E18DFF49900A48682 /* VWViewController.h */,
				0974EB5F18DFF49900A48682 /* VWViewController.m */,
				0974EB6118DFF49900A48682 /* Images.xcassets */,
				0974EB5018DFF49900A48682 /* Supporting Files */,
			);
			path = "Prepr for Pirate Assignment";
			sourceTree = "<group>";
		};
		0974EB5018DFF49900A48682 /* Supporting Files */ = {
			isa = PBXGroup;
			children = (
				0974EB5118DFF49900A48682 /* Prepr for Pirate Assignment-Info.plist */,
				0974EB5218DFF49900A48682 /* InfoPlist.strings */,
				0974EB5518DFF49900A48682 /* main.m */,
				0974EB5718DFF49900A48682 /* Prepr for Pirate Assignment-Prefix.pch */,
			);
			name = "Supporting Files";
			sourceTree = "<group>";
		};
		0974EB6E18DFF49900A48682 /* Prepr for Pirate AssignmentTests */ = {
			isa = PBXGroup;
			children = (
				0974EB7418DFF49900A48682 /* Prepr_for_Pirate_AssignmentTests.m */,
				0974EB6F18DFF49900A48682 /* Supporting Files */,
			);
			path = "Prepr for Pirate AssignmentTests";
			sourceTree = "<group>";
		};
		0974EB6F18DFF49900A48682 /* Supporting Files */ = {
			isa = PBXGroup;
			children = (
				0974EB7018DFF49900A48682 /* Prepr for Pirate AssignmentTests-Info.plist */,
				0974EB7118DFF49900A48682 /* InfoPlist.strings */,
			);
			name = "Supporting Files";
			sourceTree = "<group>";
		};
/* End PBXGroup section */

/* Begin PBXNativeTarget section */
		0974EB4518DFF49900A48682 /* Prepr for Pirate Assignment */ = {
			isa = PBXNativeTarget;
			buildConfigurationList = 0974EB7818DFF49900A48682 /* Build configuration list for PBXNativeTarget "Prepr for Pirate Assignment" */;
			buildPhases = (
				0974EB4218DFF49900A48682 /* Sources */,
				0974EB4318DFF49900A48682 /* Frameworks */,
				0974EB4418DFF49900A48682 /* Resources */,
			);
			buildRules = (
			);
			dependencies = (
			);
			name = "Prepr for Pirate Assignment";
			productName = "Prepr for Pirate Assignment";
			productReference = 0974EB4618DFF49900A48682 /* Prepr for Pirate Assignment.app */;
			productType = "com.apple.product-type.application";
		};
		0974EB6618DFF49900A48682 /* Prepr for Pirate AssignmentTests */ = {
			isa = PBXNativeTarget;
			buildConfigurationList = 0974EB7B18DFF49900A48682 /* Build configuration list for PBXNativeTarget "Prepr for Pirate AssignmentTests" */;
			buildPhases = (
				0974EB6318DFF49900A48682 /* Sources */,
				0974EB6418DFF49900A48682 /* Frameworks */,
				0974EB6518DFF49900A48682 /* Resources */,
			);
			buildRules = (
			);
			dependencies = (
				0974EB6D18DFF49900A48682 /* PBXTargetDependency */,
			);
			name = "Prepr for Pirate AssignmentTests";
			productName = "Prepr for Pirate AssignmentTests";
			productReference = 0974EB6718DFF49900A48682 /* Prepr for Pirate AssignmentTests.xctest */;
			productType = "com.apple.product-type.bundle.unit-test";
		};
/* End PBXNativeTarget section */

/* Begin PBXProject section */
		0974EB3E18DFF49900A48682 /* Project object */ = {
			isa = PBXProject;
			attributes = {
				CLASSPREFIX = VW;
				LastUpgradeCheck = 0510;
				ORGANIZATIONNAME = VW;
				TargetAttributes = {
					0974EB6618DFF49900A48682 = {
						TestTargetID = 0974EB4518DFF49900A48682;
					};
				};
			};
			buildConfigurationList = 0974EB4118DFF49900A48682 /* Build configuration list for PBXProject "Prepr for Pirate Assignment" */;
			compatibilityVersion = "Xcode 3.2";
			developmentRegion = English;
			hasScannedForEncodings = 0;
			knownRegions = (
				en,
				Base,
			);
			mainGroup = 0974EB3D18DFF49900A48682;
			productRefGroup = 0974EB4718DFF49900A48682 /* Products */;
			projectDirPath = "";
			projectRoot = "";
			targets = (
				0974EB4518DFF49900A48682 /* Prepr for Pirate Assignment */,
				0974EB6618DFF49900A48682 /* Prepr for Pirate AssignmentTests */,
			);
		};
/* End PBXProject section */

/* Begin PBXResourcesBuildPhase section */
		0974EB4418DFF49900A48682 /* Resources */ = {
			isa = PBXResourcesBuildPhase;
			buildActionMask = 2147483647;
			files = (
				0974EB6218DFF49900A48682 /* Images.xcassets in Resources */,
				0974EB5418DFF49900A48682 /* InfoPlist.strings in Resources */,
				0974EB5D18DFF49900A48682 /* Main.storyboard in Resources */,
			);
			runOnlyForDeploymentPostprocessing = 0;
		};
		0974EB6518DFF49900A48682 /* Resources */ = {
			isa = PBXResourcesBuildPhase;
			buildActionMask = 2147483647;
			files = (
				0974EB7318DFF49900A48682 /* InfoPlist.strings in Resources */,
			);
			runOnlyForDeploymentPostprocessing = 0;
		};
/* End PBXResourcesBuildPhase section */

/* Begin PBXSourcesBuildPhase section */
		0974EB4218DFF49900A48682 /* Sources */ = {
			isa = PBXSourcesBuildPhase;
			buildActionMask = 2147483647;
			files = (
				0974EB6018DFF49900A48682 /* VWViewController.m in Sources */,
				0974EB5618DFF49900A48682 /* main.m in Sources */,
				0974EB5A18DFF49900A48682 /* VWAppDelegate.m in Sources */,
			);
			runOnlyForDeploymentPostprocessing = 0;
		};
		0974EB6318DFF49900A48682 /* Sources */ = {
			isa = PBXSourcesBuildPhase;
			buildActionMask = 2147483647;
			files = (
				0974EB7518DFF49900A48682 /* Prepr_for_Pirate_AssignmentTests.m in Sources */,
			);
			runOnlyForDeploymentPostprocessing = 0;
		};
/* End PBXSourcesBuildPhase section */

/* Begin PBXTargetDependency section */
		0974EB6D18DFF49900A48682 /* PBXTargetDependency */ = {
			isa = PBXTargetDependency;
			target = 0974EB4518DFF49900A48682 /* Prepr for Pirate Assignment */;
			targetProxy = 0974EB6C18DFF49900A48682 /* PBXContainerItemProxy */;
		};
/* End PBXTargetDependency section */

/* Begin PBXVariantGroup section */
		0974EB5218DFF49900A48682 /* InfoPlist.strings */ = {
			isa = PBXVariantGroup;
			children = (
				0974EB5318DFF49900A48682 /* en */,
			);
			name = InfoPlist.strings;
			sourceTree = "<group>";
		};
		0974EB5B18DFF49900A48682 /* Main.storyboard */ = {
			isa = PBXVariantGroup;
			children = (
				0974EB5C18DFF49900A48682 /* Base */,
			);
			name = Main.storyboard;
			sourceTree = "<group>";
		};
		0974EB7118DFF49900A48682 /* InfoPlist.strings */ = {
			isa = PBXVariantGroup;
			children = (
				0974EB7218DFF49900A48682 /* en */,
			);
			name = InfoPlist.strings;
			sourceTree = "<group>";
		};
/* End PBXVariantGroup section */

/* Begin XCBuildConfiguration section */
		0974EB7618DFF49900A48682 /* Debug */ = {
			isa = XCBuildConfiguration;
			buildSettings = {
				ALWAYS_SEARCH_USER_PATHS = NO;
				CLANG_CXX_LANGUAGE_STANDARD = "gnu++0x";
				CLANG_CXX_LIBRARY = "libc++";
				CLANG_ENABLE_MODULES = YES;
				CLANG_ENABLE_OBJC_ARC = YES;
				CLANG_WARN_BOOL_CONVERSION = YES;
				CLANG_WARN_CONSTANT_CONVERSION = YES;
				CLANG_WARN_DIRECT_OBJC_ISA_USAGE = YES_ERROR;
				CLANG_WARN_EMPTY_BODY = YES;
				CLANG_WARN_ENUM_CONVERSION = YES;
				CLANG_WARN_INT_CONVERSION = YES;
				CLANG_WARN_OBJC_ROOT_CLASS = YES_ERROR;
				CLANG_WARN__DUPLICATE_METHOD_MATCH = YES;
				"CODE_SIGN_IDENTITY[sdk=iphoneos*]" = "iPhone Developer";
				COPY_PHASE_STRIP = NO;
				GCC_C_LANGUAGE_STANDARD = gnu99;
				GCC_DYNAMIC_NO_PIC = NO;
				GCC_OPTIMIZATION_LEVEL = 0;
				GCC_PREPROCESSOR_DEFINITIONS = (
					"DEBUG=1",
					"$(inherited)",
				);
				GCC_SYMBOLS_PRIVATE_EXTERN = NO;
				GCC_WARN_64_TO_32_BIT_CONVERSION = YES;
				GCC_WARN_ABOUT_RETURN_TYPE = YES_ERROR;
				GCC_WARN_UNDECLARED_SELECTOR = YES;
				GCC_WARN_UNINITIALIZED_AUTOS = YES_AGGRESSIVE;
				GCC_WARN_UNUSED_FUNCTION = YES;
				GCC_WARN_UNUSED_VARIABLE = YES;
				IPHONEOS_DEPLOYMENT_TARGET = 7.1;
				ONLY_ACTIVE_ARCH = YES;
				SDKROOT = iphoneos;
			};
			name = Debug;
		};
		0974EB7718DFF49900A48682 /* Release */ = {
			isa = XCBuildConfiguration;
			buildSettings = {
				ALWAYS_SEARCH_USER_PATHS = NO;
				CLANG_CXX_LANGUAGE_STANDARD = "gnu++0x";
				CLANG_CXX_LIBRARY = "libc++";
				CLANG_ENABLE_MODULES = YES;
				CLANG_ENABLE_OBJC_ARC = YES;
				CLANG_WARN_BOOL_CONVERSION = YES;
				CLANG_WARN_CONSTANT_CONVERSION = YES;
				CLANG_WARN_DIRECT_OBJC_ISA_USAGE = YES_ERROR;
				CLANG_WARN_EMPTY_BODY = YES;
				CLANG_WARN_ENUM_CONVERSION = YES;
				CLANG_WARN_INT_CONVERSION = YES;
				CLANG_WARN_OBJC_ROOT_CLASS = YES_ERROR;
				CLANG_WARN__DUPLICATE_METHOD_MATCH = YES;
				"CODE_SIGN_IDENTITY[sdk=iphoneos*]" = "iPhone Developer";
				COPY_PHASE_STRIP = YES;
				ENABLE_NS_ASSERTIONS = NO;
				GCC_C_LANGUAGE_STANDARD = gnu99;
				GCC_WARN_64_TO_32_BIT_CONVERSION = YES;
				GCC_WARN_ABOUT_RETURN_TYPE = YES_ERROR;
				GCC_WARN_UNDECLARED_SELECTOR = YES;
				GCC_WARN_UNINITIALIZED_AUTOS = YES_AGGRESSIVE;
				GCC_WARN_UNUSED_FUNCTION = YES;
				GCC_WARN_UNUSED_VARIABLE = YES;
				IPHONEOS_DEPLOYMENT_TARGET = 7.1;
				SDKROOT = iphoneos;
				VALIDATE_PRODUCT = YES;
			};
			name = Release;
		};
		0974EB7918DFF49900A48682 /* Debug */ = {
			isa = XCBuildConfiguration;
			buildSettings = {
				ASSETCATALOG_COMPILER_APPICON_NAME = AppIcon;
				ASSETCATALOG_COMPILER_LAUNCHIMAGE_NAME = LaunchImage;
				GCC_PRECOMPILE_PREFIX_HEADER = YES;
				GCC_PREFIX_HEADER = "Prepr for Pirate Assignment/Prepr for Pirate Assignment-Prefix.pch";
				INFOPLIST_FILE = "Prepr for Pirate Assignment/Prepr for Pirate Assignment-Info.plist";
				PRODUCT_NAME = "$(TARGET_NAME)";
				WRAPPER_EXTENSION = app;
			};
			name = Debug;
		};
		0974EB7A18DFF49900A48682 /* Release */ = {
			isa = XCBuildConfiguration;
			buildSettings = {
				ASSETCATALOG_COMPILER_APPICON_NAME = AppIcon;
				ASSETCATALOG_COMPILER_LAUNCHIMAGE_NAME = LaunchImage;
				GCC_PRECOMPILE_PREFIX_HEADER = YES;
				GCC_PREFIX_HEADER = "Prepr for Pirate Assignment/Prepr for Pirate Assignment-Prefix.pch";
				INFOPLIST_FILE = "Prepr for Pirate Assignment/Prepr for Pirate Assignment-Info.plist";
				PRODUCT_NAME = "$(TARGET_NAME)";
				WRAPPER_EXTENSION = app;
			};
			name = Release;
		};
		0974EB7C18DFF49900A48682 /* Debug */ = {
			isa = XCBuildConfiguration;
			buildSettings = {
				BUNDLE_LOADER = "$(BUILT_PRODUCTS_DIR)/Prepr for Pirate Assignment.app/Prepr for Pirate Assignment";
				FRAMEWORK_SEARCH_PATHS = (
					"$(SDKROOT)/Developer/Library/Frameworks",
					"$(inherited)",
					"$(DEVELOPER_FRAMEWORKS_DIR)",
				);
				GCC_PRECOMPILE_PREFIX_HEADER = YES;
				GCC_PREFIX_HEADER = "Prepr for Pirate Assignment/Prepr for Pirate Assignment-Prefix.pch";
				GCC_PREPROCESSOR_DEFINITIONS = (
					"DEBUG=1",
					"$(inherited)",
				);
				INFOPLIST_FILE = "Prepr for Pirate AssignmentTests/Prepr for Pirate AssignmentTests-Info.plist";
				PRODUCT_NAME = "$(TARGET_NAME)";
				TEST_HOST = "$(BUNDLE_LOADER)";
				WRAPPER_EXTENSION = xctest;
			};
			name = Debug;
		};
		0974EB7D18DFF49900A48682 /* Release */ = {
			isa = XCBuildConfiguration;
			buildSettings = {
				BUNDLE_LOADER = "$(BUILT_PRODUCTS_DIR)/Prepr for Pirate Assignment.app/Prepr for Pirate Assignment";
				FRAMEWORK_SEARCH_PATHS = (
					"$(SDKROOT)/Developer/Library/Frameworks",
					"$(inherited)",
					"$(DEVELOPER_FRAMEWORKS_DIR)",
				);
				GCC_PRECOMPILE_PREFIX_HEADER = YES;
				GCC_PREFIX_HEADER = "Prepr for Pirate Assignment/Prepr for Pirate Assignment-Prefix.pch";
				INFOPLIST_FILE = "Prepr for Pirate AssignmentTests/Prepr for Pirate AssignmentTests-Info.plist";
				PRODUCT_NAME = "$(TARGET_NAME)";
				TEST_HOST = "$(BUNDLE_LOADER)";
				WRAPPER_EXTENSION = xctest;
			};
			name = Release;
		};
/* End XCBuildConfiguration section */

/* Begin XCConfigurationList section */
		0974EB4118DFF49900A48682 /* Build configuration list for PBXProject "Prepr for Pirate Assignment" */ = {
			isa = XCConfigurationList;
			buildConfigurations = (
				0974EB7618DFF49900A48682 /* Debug */,
				0974EB7718DFF49900A48682 /* Release */,
			);
			defaultConfigurationIsVisible = 0;
			defaultConfigurationName = Release;
		};
		0974EB7818DFF49900A48682 /* Build configuration list for PBXNativeTarget "Prepr for Pirate Assignment" */ = {
			isa = XCConfigurationList;
			buildConfigurations = (
				0974EB7918DFF49900A48682 /* Debug */,
				0974EB7A18DFF49900A48682 /* Release */,
			);
			defaultConfigurationIsVisible = 0;
		};
		0974EB7B18DFF49900A48682 /* Build configuration list for PBXNativeTarget "Prepr for Pirate AssignmentTests" */ = {
			isa = XCConfigurationList;
			buildConfigurations = (
				0974EB7C18DFF49900A48682 /* Debug */,
				0974EB7D18DFF49900A48682 /* Release */,
			);
			defaultConfigurationIsVisible = 0;
		};
/* End XCConfigurationList section */
	};
	rootObject = 0974EB3E18DFF49900A48682 /* Project object */;
}
